
Microsoft Visual Studio Solution File, Format Version 12.00
# Visual Studio Version 17
VisualStudioVersion = 17.11.35303.130
MinimumVisualStudioVersion = 10.0.40219.1
Project("{FAE04EC0-301F-11D3-BF4B-00C04F79EFBC}") = "DIExamples", "DIExamples\DIExamples.csproj", "{2CB24DEF-70B1-4659-976E-B5F3CC180F82}"
EndProject
Project("{FAE04EC0-301F-11D3-BF4B-00C04F79EFBC}") = "Services", "CltiesService\Services.csproj", "{ED0DA378-53E1-4C3A-BC6F-54E466BACE7C}"
EndProject
Global
	GlobalSection(SolutionConfigurationPlatforms) = preSolution
		Debug|Any CPU = Debug|Any CPU
		Release|Any CPU = Release|Any CPU
	EndGlobalSection
	GlobalSection(ProjectConfigurationPlatforms) = postSolution
		{2CB24DEF-70B1-4659-976E-B5F3CC180F82}.Debug|Any CPU.ActiveCfg = Debug|Any CPU
		{2CB24DEF-70B1-4659-976E-B5F3CC180F82}.Debug|Any CPU.Build.0 = Debug|Any CPU
		{2CB24DEF-70B1-4659-976E-B5F3CC180F82}.Release|Any CPU.ActiveCfg = Release|Any CPU
		{2CB24DEF-70B1-4659-976E-B5F3CC180F82}.Release|Any CPU.Build.0 = Release|Any CPU
		{ED0DA378-53E1-4C3A-BC6F-54E466BACE7C}.Debug|Any CPU.ActiveCfg = Debug|Any CPU
		{ED0DA378-53E1-4C3A-BC6F-54E466BACE7C}.Debug|Any CPU.Build.0 = Debug|Any CPU
		{ED0DA378-53E1-4C3A-BC6F-54E466BACE7C}.Release|Any CPU.ActiveCfg = Release|Any CPU
		{ED0DA378-53E1-4C3A-BC6F-54E466BACE7C}.Release|Any CPU.Build.0 = Release|Any CPU
	EndGlobalSection
	GlobalSection(SolutionProperties) = preSolution
		HideSolutionNode = FALSE
	EndGlobalSection
	GlobalSection(ExtensibilityGlobals) = postSolution
		SolutionGuid = {8519BB3F-4A48-4418-A825-CC06F8E343CC}
	EndGlobalSection
EndGlobal
